
Microsoft Visual Studio Solution File, Format Version 12.00
# Visual Studio Version 16
VisualStudioVersion = 16.0.31005.135
MinimumVisualStudioVersion = 10.0.40219.1
Project("{FAE04EC0-301F-11D3-BF4B-00C04F79EFBC}") = "Pirates", "Pirates\Pirates.csproj", "{F98114A0-78F3-48F0-B213-312DFBCEA842}"
EndProject
Global
	GlobalSection(SolutionConfigurationPlatforms) = preSolution
		Debug|Any CPU = Debug|Any CPU
		Release|Any CPU = Release|Any CPU
	EndGlobalSection
	GlobalSection(ProjectConfigurationPlatforms) = postSolution
		{F98114A0-78F3-48F0-B213-312DFBCEA842}.Debug|Any CPU.ActiveCfg = Debug|Any CPU
		{F98114A0-78F3-48F0-B213-312DFBCEA842}.Debug|Any CPU.Build.0 = Debug|Any CPU
		{F98114A0-78F3-48F0-B213-312DFBCEA842}.Release|Any CPU.ActiveCfg = Release|Any CPU
		{F98114A0-78F3-48F0-B213-312DFBCEA842}.Release|Any CPU.Build.0 = Release|Any CPU
	EndGlobalSection
	GlobalSection(SolutionProperties) = preSolution
		HideSolutionNode = FALSE
	EndGlobalSection
	GlobalSection(ExtensibilityGlobals) = postSolution
		SolutionGuid = {DDA8E858-9466-40CA-8BDD-52A732EE03C7}
	EndGlobalSection
EndGlobal
